
Microsoft Visual Studio Solution File, Format Version 12.00
# Visual Studio Version 17
VisualStudioVersion = 17.6.33815.320
MinimumVisualStudioVersion = 10.0.40219.1
Project("{9A19103F-16F7-4668-BE54-9A1E7A4F7556}") = "pr13new", "pr13new\pr13new.csproj", "{64D164D3-B35C-47E0-A6E2-5F267D482819}"
EndProject
Global
	GlobalSection(SolutionConfigurationPlatforms) = preSolution
		Debug|Any CPU = Debug|Any CPU
		Release|Any CPU = Release|Any CPU
	EndGlobalSection
	GlobalSection(ProjectConfigurationPlatforms) = postSolution
		{64D164D3-B35C-47E0-A6E2-5F267D482819}.Debug|Any CPU.ActiveCfg = Debug|Any CPU
		{64D164D3-B35C-47E0-A6E2-5F267D482819}.Debug|Any CPU.Build.0 = Debug|Any CPU
		{64D164D3-B35C-47E0-A6E2-5F267D482819}.Release|Any CPU.ActiveCfg = Release|Any CPU
		{64D164D3-B35C-47E0-A6E2-5F267D482819}.Release|Any CPU.Build.0 = Release|Any CPU
	EndGlobalSection
	GlobalSection(SolutionProperties) = preSolution
		HideSolutionNode = FALSE
	EndGlobalSection
	GlobalSection(ExtensibilityGlobals) = postSolution
		SolutionGuid = {B19F26D4-CBB7-41F9-958D-72CB9B8FF729}
	EndGlobalSection
EndGlobal
